// !$*UTF8*$!
{
	archiveVersion = 1;
	classes = {
	};
	objectVersion = 46;
	objects = {

/* Begin PBXBuildFile section */
		67CDD79F1F4A7F8500868E3B /* AppDelegate.swift in Sources */ = {isa = PBXBuildFile; fileRef = 67CDD79E1F4A7F8500868E3B /* AppDelegate.swift */; };
		67CDD7A41F4A7F8500868E3B /* Main.storyboard in Resources */ = {isa = PBXBuildFile; fileRef = 67CDD7A21F4A7F8500868E3B /* Main.storyboard */; };
		67CDD7A71F4A7F8500868E3B /* F4_sales_app_IOS.xcdatamodeld in Sources */ = {isa = PBXBuildFile; fileRef = 67CDD7A51F4A7F8500868E3B /* F4_sales_app_IOS.xcdatamodeld */; };
		67CDD7A91F4A7F8500868E3B /* Assets.xcassets in Resources */ = {isa = PBXBuildFile; fileRef = 67CDD7A81F4A7F8500868E3B /* Assets.xcassets */; };
		67CDD7AC1F4A7F8500868E3B /* LaunchScreen.storyboard in Resources */ = {isa = PBXBuildFile; fileRef = 67CDD7AA1F4A7F8500868E3B /* LaunchScreen.storyboard */; };
		67CDD7B71F4A7F8600868E3B /* F4_sales_app_IOSTests.swift in Sources */ = {isa = PBXBuildFile; fileRef = 67CDD7B61F4A7F8600868E3B /* F4_sales_app_IOSTests.swift */; };
		67CDD7C91F4A81E900868E3B /* Constants.swift in Sources */ = {isa = PBXBuildFile; fileRef = 67CDD7C81F4A81E900868E3B /* Constants.swift */; };
		67CDD7CB1F4A820400868E3B /* F4UserManager.swift in Sources */ = {isa = PBXBuildFile; fileRef = 67CDD7CA1F4A820400868E3B /* F4UserManager.swift */; };
		67CDD7D41F4A825C00868E3B /* F4UserModel.swift in Sources */ = {isa = PBXBuildFile; fileRef = 67CDD7CC1F4A825C00868E3B /* F4UserModel.swift */; };
		67CDD7D51F4A825C00868E3B /* F4TokenModel.swift in Sources */ = {isa = PBXBuildFile; fileRef = 67CDD7CD1F4A825C00868E3B /* F4TokenModel.swift */; };
		67CDD7D61F4A825C00868E3B /* F4ShopPreviewModel.swift in Sources */ = {isa = PBXBuildFile; fileRef = 67CDD7CE1F4A825C00868E3B /* F4ShopPreviewModel.swift */; };
		67CDD7D71F4A825C00868E3B /* F4ShopDetailModel.swift in Sources */ = {isa = PBXBuildFile; fileRef = 67CDD7CF1F4A825C00868E3B /* F4ShopDetailModel.swift */; };
		67CDD7D81F4A825C00868E3B /* F4CardModel.swift in Sources */ = {isa = PBXBuildFile; fileRef = 67CDD7D01F4A825C00868E3B /* F4CardModel.swift */; };
		67CDD7D91F4A825C00868E3B /* F4HintModel.swift in Sources */ = {isa = PBXBuildFile; fileRef = 67CDD7D11F4A825C00868E3B /* F4HintModel.swift */; };
		67CDD7DA1F4A825C00868E3B /* F4InfoModel.swift in Sources */ = {isa = PBXBuildFile; fileRef = 67CDD7D21F4A825C00868E3B /* F4InfoModel.swift */; };
		67CDD7DB1F4A825C00868E3B /* F4AdModel.swift in Sources */ = {isa = PBXBuildFile; fileRef = 67CDD7D31F4A825C00868E3B /* F4AdModel.swift */; };
		67CDD7E11F4A827B00868E3B /* HFKeychainManager.swift in Sources */ = {isa = PBXBuildFile; fileRef = 67CDD7DE1F4A827B00868E3B /* HFKeychainManager.swift */; };
		67CDD7E21F4A827B00868E3B /* KeychainWrapper.m in Sources */ = {isa = PBXBuildFile; fileRef = 67CDD7E01F4A827B00868E3B /* KeychainWrapper.m */; };
		67CDD7E81F4A830400868E3B /* String+Validation.swift in Sources */ = {isa = PBXBuildFile; fileRef = 67CDD7E31F4A830400868E3B /* String+Validation.swift */; };
		67CDD7E91F4A830400868E3B /* UIView+Shake.swift in Sources */ = {isa = PBXBuildFile; fileRef = 67CDD7E41F4A830400868E3B /* UIView+Shake.swift */; };
		67CDD7EA1F4A830400868E3B /* Array+Random.swift in Sources */ = {isa = PBXBuildFile; fileRef = 67CDD7E51F4A830400868E3B /* Array+Random.swift */; };
		67CDD7EB1F4A830400868E3B /* UIView+Layer.swift in Sources */ = {isa = PBXBuildFile; fileRef = 67CDD7E61F4A830400868E3B /* UIView+Layer.swift */; };
		67CDD7EC1F4A830400868E3B /* String+HexColor.swift in Sources */ = {isa = PBXBuildFile; fileRef = 67CDD7E71F4A830400868E3B /* String+HexColor.swift */; };
		67CDD7EF1F4A835A00868E3B /* F4BaseViewController.swift in Sources */ = {isa = PBXBuildFile; fileRef = 67CDD7EE1F4A835A00868E3B /* F4BaseViewController.swift */; };
		67CDD7F41F4A837F00868E3B /* F4LoginWrapperViewController.swift in Sources */ = {isa = PBXBuildFile; fileRef = 67CDD7F31F4A837F00868E3B /* F4LoginWrapperViewController.swift */; };
		67CDD7F61F4A838D00868E3B /* F4LoginDetailsViewController.swift in Sources */ = {isa = PBXBuildFile; fileRef = 67CDD7F51F4A838D00868E3B /* F4LoginDetailsViewController.swift */; };
		67CDD7FC1F4A83DB00868E3B /* F4RoundedButton.swift in Sources */ = {isa = PBXBuildFile; fileRef = 67CDD7F81F4A83DB00868E3B /* F4RoundedButton.swift */; };
		67CDD7FD1F4A83DB00868E3B /* F4RoundedTextField.swift in Sources */ = {isa = PBXBuildFile; fileRef = 67CDD7F91F4A83DB00868E3B /* F4RoundedTextField.swift */; };
		67CDD7FE1F4A83DB00868E3B /* F4ActivityIndicatorView.swift in Sources */ = {isa = PBXBuildFile; fileRef = 67CDD7FA1F4A83DB00868E3B /* F4ActivityIndicatorView.swift */; };
		67CDD7FF1F4A83DB00868E3B /* F4SFViewController.swift in Sources */ = {isa = PBXBuildFile; fileRef = 67CDD7FB1F4A83DB00868E3B /* F4SFViewController.swift */; };
		67CDD8031F4A842100868E3B /* F4MenuViewController.swift in Sources */ = {isa = PBXBuildFile; fileRef = 67CDD8011F4A842100868E3B /* F4MenuViewController.swift */; };
		67CDD8041F4A842100868E3B /* F4MenuHelper.swift in Sources */ = {isa = PBXBuildFile; fileRef = 67CDD8021F4A842100868E3B /* F4MenuHelper.swift */; };
		67CDD8071F4A842700868E3B /* F4MenuItemCell.swift in Sources */ = {isa = PBXBuildFile; fileRef = 67CDD8051F4A842700868E3B /* F4MenuItemCell.swift */; };
		67CDD8081F4A842700868E3B /* F4MenuItemCell.xib in Resources */ = {isa = PBXBuildFile; fileRef = 67CDD8061F4A842700868E3B /* F4MenuItemCell.xib */; };
		67CDD80C1F4A845E00868E3B /* SSASideMenu.swift in Sources */ = {isa = PBXBuildFile; fileRef = 67CDD80B1F4A845E00868E3B /* SSASideMenu.swift */; };
		67CDD80E1F4A847E00868E3B /* F4MenuManager.swift in Sources */ = {isa = PBXBuildFile; fileRef = 67CDD80D1F4A847E00868E3B /* F4MenuManager.swift */; };
		67CDD8101F4A8D7000868E3B /* Calculator.storyboard in Resources */ = {isa = PBXBuildFile; fileRef = 67CDD80F1F4A8D7000868E3B /* Calculator.storyboard */; };
		67CDD8121F4A8DDE00868E3B /* SignIn.storyboard in Resources */ = {isa = PBXBuildFile; fileRef = 67CDD8111F4A8DDE00868E3B /* SignIn.storyboard */; };
		67CDD8151F4A8F6100868E3B /* F4CalculatorOptionsViewController.swift in Sources */ = {isa = PBXBuildFile; fileRef = 67CDD8141F4A8F6100868E3B /* F4CalculatorOptionsViewController.swift */; };
		67CDD8171F4A994D00868E3B /* F4CalculatorViewController.swift in Sources */ = {isa = PBXBuildFile; fileRef = 67CDD8161F4A994D00868E3B /* F4CalculatorViewController.swift */; };
		A2CE1D0F168BE9B84682921C /* Pods_F4_sales_app_IOSTests.framework in Frameworks */ = {isa = PBXBuildFile; fileRef = D4A17D8F56FBA6622C3B4B0C /* Pods_F4_sales_app_IOSTests.framework */; };
		C5C894C36E5E1C7AB0C4695B /* Pods_F4_sales_app_IOS.framework in Frameworks */ = {isa = PBXBuildFile; fileRef = 793417BB7DA190F48E532086 /* Pods_F4_sales_app_IOS.framework */; };
/* End PBXBuildFile section */

/* Begin PBXContainerItemProxy section */
		67CDD7B31F4A7F8600868E3B /* PBXContainerItemProxy */ = {
			isa = PBXContainerItemProxy;
			containerPortal = 67CDD7931F4A7F8500868E3B /* Project object */;
			proxyType = 1;
			remoteGlobalIDString = 67CDD79A1F4A7F8500868E3B;
			remoteInfo = F4_sales_app_IOS;
		};
/* End PBXContainerItemProxy section */

/* Begin PBXFileReference section */
		3D55ACAB7D76B6816E55C913 /* Pods-F4_sales_app_IOS.debug.xcconfig */ = {isa = PBXFileReference; includeInIndex = 1; lastKnownFileType = text.xcconfig; name = "Pods-F4_sales_app_IOS.debug.xcconfig"; path = "Pods/Target Support Files/Pods-F4_sales_app_IOS/Pods-F4_sales_app_IOS.debug.xcconfig"; sourceTree = "<group>"; };
		4B15C20832F63D648579D284 /* Pods-F4_sales_app_IOSTests.debug.xcconfig */ = {isa = PBXFileReference; includeInIndex = 1; lastKnownFileType = text.xcconfig; name = "Pods-F4_sales_app_IOSTests.debug.xcconfig"; path = "Pods/Target Support Files/Pods-F4_sales_app_IOSTests/Pods-F4_sales_app_IOSTests.debug.xcconfig"; sourceTree = "<group>"; };
		67CDD79B1F4A7F8500868E3B /* F4_sales_app_IOS.app */ = {isa = PBXFileReference; explicitFileType = wrapper.application; includeInIndex = 0; path = F4_sales_app_IOS.app; sourceTree = BUILT_PRODUCTS_DIR; };
		67CDD79E1F4A7F8500868E3B /* AppDelegate.swift */ = {isa = PBXFileReference; lastKnownFileType = sourcecode.swift; path = AppDelegate.swift; sourceTree = "<group>"; };
		67CDD7A31F4A7F8500868E3B /* Base */ = {isa = PBXFileReference; lastKnownFileType = file.storyboard; name = Base; path = Base.lproj/Main.storyboard; sourceTree = "<group>"; };
		67CDD7A61F4A7F8500868E3B /* F4_sales_app_IOS.xcdatamodel */ = {isa = PBXFileReference; lastKnownFileType = wrapper.xcdatamodel; path = F4_sales_app_IOS.xcdatamodel; sourceTree = "<group>"; };
		67CDD7A81F4A7F8500868E3B /* Assets.xcassets */ = {isa = PBXFileReference; lastKnownFileType = folder.assetcatalog; path = Assets.xcassets; sourceTree = "<group>"; };
		67CDD7AB1F4A7F8500868E3B /* Base */ = {isa = PBXFileReference; lastKnownFileType = file.storyboard; name = Base; path = Base.lproj/LaunchScreen.storyboard; sourceTree = "<group>"; };
		67CDD7AD1F4A7F8500868E3B /* Info.plist */ = {isa = PBXFileReference; lastKnownFileType = text.plist.xml; path = Info.plist; sourceTree = "<group>"; };
		67CDD7B21F4A7F8600868E3B /* F4_sales_app_IOSTests.xctest */ = {isa = PBXFileReference; explicitFileType = wrapper.cfbundle; includeInIndex = 0; path = F4_sales_app_IOSTests.xctest; sourceTree = BUILT_PRODUCTS_DIR; };
		67CDD7B61F4A7F8600868E3B /* F4_sales_app_IOSTests.swift */ = {isa = PBXFileReference; lastKnownFileType = sourcecode.swift; path = F4_sales_app_IOSTests.swift; sourceTree = "<group>"; };
		67CDD7B81F4A7F8600868E3B /* Info.plist */ = {isa = PBXFileReference; lastKnownFileType = text.plist.xml; path = Info.plist; sourceTree = "<group>"; };
		67CDD7C81F4A81E900868E3B /* Constants.swift */ = {isa = PBXFileReference; fileEncoding = 4; lastKnownFileType = sourcecode.swift; path = Constants.swift; sourceTree = "<group>"; };
		67CDD7CA1F4A820400868E3B /* F4UserManager.swift */ = {isa = PBXFileReference; fileEncoding = 4; lastKnownFileType = sourcecode.swift; path = F4UserManager.swift; sourceTree = "<group>"; };
		67CDD7CC1F4A825C00868E3B /* F4UserModel.swift */ = {isa = PBXFileReference; fileEncoding = 4; lastKnownFileType = sourcecode.swift; path = F4UserModel.swift; sourceTree = "<group>"; };
		67CDD7CD1F4A825C00868E3B /* F4TokenModel.swift */ = {isa = PBXFileReference; fileEncoding = 4; lastKnownFileType = sourcecode.swift; path = F4TokenModel.swift; sourceTree = "<group>"; };
		67CDD7CE1F4A825C00868E3B /* F4ShopPreviewModel.swift */ = {isa = PBXFileReference; fileEncoding = 4; lastKnownFileType = sourcecode.swift; path = F4ShopPreviewModel.swift; sourceTree = "<group>"; };
		67CDD7CF1F4A825C00868E3B /* F4ShopDetailModel.swift */ = {isa = PBXFileReference; fileEncoding = 4; lastKnownFileType = sourcecode.swift; path = F4ShopDetailModel.swift; sourceTree = "<group>"; };
		67CDD7D01F4A825C00868E3B /* F4CardModel.swift */ = {isa = PBXFileReference; fileEncoding = 4; lastKnownFileType = sourcecode.swift; path = F4CardModel.swift; sourceTree = "<group>"; };
		67CDD7D11F4A825C00868E3B /* F4HintModel.swift */ = {isa = PBXFileReference; fileEncoding = 4; lastKnownFileType = sourcecode.swift; path = F4HintModel.swift; sourceTree = "<group>"; };
		67CDD7D21F4A825C00868E3B /* F4InfoModel.swift */ = {isa = PBXFileReference; fileEncoding = 4; lastKnownFileType = sourcecode.swift; path = F4InfoModel.swift; sourceTree = "<group>"; };
		67CDD7D31F4A825C00868E3B /* F4AdModel.swift */ = {isa = PBXFileReference; fileEncoding = 4; lastKnownFileType = sourcecode.swift; path = F4AdModel.swift; sourceTree = "<group>"; };
		67CDD7DD1F4A827B00868E3B /* F4_sales_app_IOS-Bridging-Header.h */ = {isa = PBXFileReference; lastKnownFileType = sourcecode.c.h; path = "F4_sales_app_IOS-Bridging-Header.h"; sourceTree = "<group>"; };
		67CDD7DE1F4A827B00868E3B /* HFKeychainManager.swift */ = {isa = PBXFileReference; fileEncoding = 4; lastKnownFileType = sourcecode.swift; path = HFKeychainManager.swift; sourceTree = "<group>"; };
		67CDD7DF1F4A827B00868E3B /* KeychainWrapper.h */ = {isa = PBXFileReference; fileEncoding = 4; lastKnownFileType = sourcecode.c.h; path = KeychainWrapper.h; sourceTree = "<group>"; };
		67CDD7E01F4A827B00868E3B /* KeychainWrapper.m */ = {isa = PBXFileReference; fileEncoding = 4; lastKnownFileType = sourcecode.c.objc; path = KeychainWrapper.m; sourceTree = "<group>"; };
		67CDD7E31F4A830400868E3B /* String+Validation.swift */ = {isa = PBXFileReference; fileEncoding = 4; lastKnownFileType = sourcecode.swift; path = "String+Validation.swift"; sourceTree = "<group>"; };
		67CDD7E41F4A830400868E3B /* UIView+Shake.swift */ = {isa = PBXFileReference; fileEncoding = 4; lastKnownFileType = sourcecode.swift; path = "UIView+Shake.swift"; sourceTree = "<group>"; };
		67CDD7E51F4A830400868E3B /* Array+Random.swift */ = {isa = PBXFileReference; fileEncoding = 4; lastKnownFileType = sourcecode.swift; path = "Array+Random.swift"; sourceTree = "<group>"; };
		67CDD7E61F4A830400868E3B /* UIView+Layer.swift */ = {isa = PBXFileReference; fileEncoding = 4; lastKnownFileType = sourcecode.swift; path = "UIView+Layer.swift"; sourceTree = "<group>"; };
		67CDD7E71F4A830400868E3B /* String+HexColor.swift */ = {isa = PBXFileReference; fileEncoding = 4; lastKnownFileType = sourcecode.swift; path = "String+HexColor.swift"; sourceTree = "<group>"; };
		67CDD7EE1F4A835A00868E3B /* F4BaseViewController.swift */ = {isa = PBXFileReference; fileEncoding = 4; lastKnownFileType = sourcecode.swift; path = F4BaseViewController.swift; sourceTree = "<group>"; };
		67CDD7F31F4A837F00868E3B /* F4LoginWrapperViewController.swift */ = {isa = PBXFileReference; fileEncoding = 4; lastKnownFileType = sourcecode.swift; path = F4LoginWrapperViewController.swift; sourceTree = "<group>"; };
		67CDD7F51F4A838D00868E3B /* F4LoginDetailsViewController.swift */ = {isa = PBXFileReference; fileEncoding = 4; lastKnownFileType = sourcecode.swift; path = F4LoginDetailsViewController.swift; sourceTree = "<group>"; };
		67CDD7F81F4A83DB00868E3B /* F4RoundedButton.swift */ = {isa = PBXFileReference; fileEncoding = 4; lastKnownFileType = sourcecode.swift; path = F4RoundedButton.swift; sourceTree = "<group>"; };
		67CDD7F91F4A83DB00868E3B /* F4RoundedTextField.swift */ = {isa = PBXFileReference; fileEncoding = 4; lastKnownFileType = sourcecode.swift; path = F4RoundedTextField.swift; sourceTree = "<group>"; };
		67CDD7FA1F4A83DB00868E3B /* F4ActivityIndicatorView.swift */ = {isa = PBXFileReference; fileEncoding = 4; lastKnownFileType = sourcecode.swift; path = F4ActivityIndicatorView.swift; sourceTree = "<group>"; };
		67CDD7FB1F4A83DB00868E3B /* F4SFViewController.swift */ = {isa = PBXFileReference; fileEncoding = 4; lastKnownFileType = sourcecode.swift; path = F4SFViewController.swift; sourceTree = "<group>"; };
		67CDD8011F4A842100868E3B /* F4MenuViewController.swift */ = {isa = PBXFileReference; fileEncoding = 4; lastKnownFileType = sourcecode.swift; path = F4MenuViewController.swift; sourceTree = "<group>"; };
		67CDD8021F4A842100868E3B /* F4MenuHelper.swift */ = {isa = PBXFileReference; fileEncoding = 4; lastKnownFileType = sourcecode.swift; path = F4MenuHelper.swift; sourceTree = "<group>"; };
		67CDD8051F4A842700868E3B /* F4MenuItemCell.swift */ = {isa = PBXFileReference; fileEncoding = 4; lastKnownFileType = sourcecode.swift; path = F4MenuItemCell.swift; sourceTree = "<group>"; };
		67CDD8061F4A842700868E3B /* F4MenuItemCell.xib */ = {isa = PBXFileReference; fileEncoding = 4; lastKnownFileType = file.xib; path = F4MenuItemCell.xib; sourceTree = "<group>"; };
		67CDD80B1F4A845E00868E3B /* SSASideMenu.swift */ = {isa = PBXFileReference; fileEncoding = 4; lastKnownFileType = sourcecode.swift; path = SSASideMenu.swift; sourceTree = "<group>"; };
		67CDD80D1F4A847E00868E3B /* F4MenuManager.swift */ = {isa = PBXFileReference; fileEncoding = 4; lastKnownFileType = sourcecode.swift; path = F4MenuManager.swift; sourceTree = "<group>"; };
		67CDD80F1F4A8D7000868E3B /* Calculator.storyboard */ = {isa = PBXFileReference; fileEncoding = 4; lastKnownFileType = file.storyboard; path = Calculator.storyboard; sourceTree = "<group>"; };
		67CDD8111F4A8DDE00868E3B /* SignIn.storyboard */ = {isa = PBXFileReference; fileEncoding = 4; lastKnownFileType = file.storyboard; path = SignIn.storyboard; sourceTree = "<group>"; };
		67CDD8141F4A8F6100868E3B /* F4CalculatorOptionsViewController.swift */ = {isa = PBXFileReference; fileEncoding = 4; lastKnownFileType = sourcecode.swift; path = F4CalculatorOptionsViewController.swift; sourceTree = "<group>"; };
		67CDD8161F4A994D00868E3B /* F4CalculatorViewController.swift */ = {isa = PBXFileReference; fileEncoding = 4; lastKnownFileType = sourcecode.swift; path = F4CalculatorViewController.swift; sourceTree = "<group>"; };
		793417BB7DA190F48E532086 /* Pods_F4_sales_app_IOS.framework */ = {isa = PBXFileReference; explicitFileType = wrapper.framework; includeInIndex = 0; path = Pods_F4_sales_app_IOS.framework; sourceTree = BUILT_PRODUCTS_DIR; };
		7B48F2B6B7B51A645691E398 /* Pods-F4_sales_app_IOS.release.xcconfig */ = {isa = PBXFileReference; includeInIndex = 1; lastKnownFileType = text.xcconfig; name = "Pods-F4_sales_app_IOS.release.xcconfig"; path = "Pods/Target Support Files/Pods-F4_sales_app_IOS/Pods-F4_sales_app_IOS.release.xcconfig"; sourceTree = "<group>"; };
		B1A0DE363199C45F2D4F782A /* Pods-F4_sales_app_IOSTests.release.xcconfig */ = {isa = PBXFileReference; includeInIndex = 1; lastKnownFileType = text.xcconfig; name = "Pods-F4_sales_app_IOSTests.release.xcconfig"; path = "Pods/Target Support Files/Pods-F4_sales_app_IOSTests/Pods-F4_sales_app_IOSTests.release.xcconfig"; sourceTree = "<group>"; };
		D4A17D8F56FBA6622C3B4B0C /* Pods_F4_sales_app_IOSTests.framework */ = {isa = PBXFileReference; explicitFileType = wrapper.framework; includeInIndex = 0; path = Pods_F4_sales_app_IOSTests.framework; sourceTree = BUILT_PRODUCTS_DIR; };
/* End PBXFileReference section */

/* Begin PBXFrameworksBuildPhase section */
		67CDD7981F4A7F8500868E3B /* Frameworks */ = {
			isa = PBXFrameworksBuildPhase;
			buildActionMask = 2147483647;
			files = (
				C5C894C36E5E1C7AB0C4695B /* Pods_F4_sales_app_IOS.framework in Frameworks */,
			);
			runOnlyForDeploymentPostprocessing = 0;
		};
		67CDD7AF1F4A7F8600868E3B /* Frameworks */ = {
			isa = PBXFrameworksBuildPhase;
			buildActionMask = 2147483647;
			files = (
				A2CE1D0F168BE9B84682921C /* Pods_F4_sales_app_IOSTests.framework in Frameworks */,
			);
			runOnlyForDeploymentPostprocessing = 0;
		};
/* End PBXFrameworksBuildPhase section */

/* Begin PBXGroup section */
		67CDD7921F4A7F8500868E3B = {
			isa = PBXGroup;
			children = (
				67CDD79D1F4A7F8500868E3B /* F4_sales_app_IOS */,
				67CDD7B51F4A7F8600868E3B /* F4_sales_app_IOSTests */,
				67CDD79C1F4A7F8500868E3B /* Products */,
				7A6A151618806B0667DAFFAF /* Pods */,
				DF42757274EAF4EC1EED26C1 /* Frameworks */,
			);
			sourceTree = "<group>";
		};
		67CDD79C1F4A7F8500868E3B /* Products */ = {
			isa = PBXGroup;
			children = (
				67CDD79B1F4A7F8500868E3B /* F4_sales_app_IOS.app */,
				67CDD7B21F4A7F8600868E3B /* F4_sales_app_IOSTests.xctest */,
			);
			name = Products;
			sourceTree = "<group>";
		};
		67CDD79D1F4A7F8500868E3B /* F4_sales_app_IOS */ = {
			isa = PBXGroup;
			children = (
				67CDD79E1F4A7F8500868E3B /* AppDelegate.swift */,
				67CDD7C11F4A816700868E3B /* Helpers & Singletons */,
				67CDD7C21F4A818500868E3B /* Controllers */,
				67CDD7C31F4A819E00868E3B /* Custom UI */,
				67CDD7C41F4A81A700868E3B /* Storyboards */,
				67CDD7C51F4A81B300868E3B /* Models */,
				67CDD7C61F4A81BB00868E3B /* Extensions */,
				67CDD80A1F4A844D00868E3B /* External Libraries */,
				67CDD7A81F4A7F8500868E3B /* Assets.xcassets */,
				67CDD7AD1F4A7F8500868E3B /* Info.plist */,
			);
			path = F4_sales_app_IOS;
			sourceTree = "<group>";
		};
		67CDD7B51F4A7F8600868E3B /* F4_sales_app_IOSTests */ = {
			isa = PBXGroup;
			children = (
				67CDD7B61F4A7F8600868E3B /* F4_sales_app_IOSTests.swift */,
				67CDD7B81F4A7F8600868E3B /* Info.plist */,
			);
			path = F4_sales_app_IOSTests;
			sourceTree = "<group>";
		};
		67CDD7C11F4A816700868E3B /* Helpers & Singletons */ = {
			isa = PBXGroup;
			children = (
				67CDD80D1F4A847E00868E3B /* F4MenuManager.swift */,
				67CDD7C81F4A81E900868E3B /* Constants.swift */,
				67CDD7CA1F4A820400868E3B /* F4UserManager.swift */,
				67CDD7DC1F4A826A00868E3B /* Keychain */,
			);
			name = "Helpers & Singletons";
			sourceTree = "<group>";
		};
		67CDD7C21F4A818500868E3B /* Controllers */ = {
			isa = PBXGroup;
			children = (
				67CDD7ED1F4A835000868E3B /* Base Controllers */,
				67CDD8001F4A841600868E3B /* Reveal Menu */,
				67CDD8131F4A8F3E00868E3B /* Calculator */,
				67CDD7F21F4A837100868E3B /* Login */,
			);
			name = Controllers;
			sourceTree = "<group>";
		};
		67CDD7C31F4A819E00868E3B /* Custom UI */ = {
			isa = PBXGroup;
			children = (
				67CDD7F81F4A83DB00868E3B /* F4RoundedButton.swift */,
				67CDD7F91F4A83DB00868E3B /* F4RoundedTextField.swift */,
				67CDD7FA1F4A83DB00868E3B /* F4ActivityIndicatorView.swift */,
				67CDD7FB1F4A83DB00868E3B /* F4SFViewController.swift */,
			);
			name = "Custom UI";
			sourceTree = "<group>";
		};
		67CDD7C41F4A81A700868E3B /* Storyboards */ = {
			isa = PBXGroup;
			children = (
				67CDD7AA1F4A7F8500868E3B /* LaunchScreen.storyboard */,
				67CDD7A21F4A7F8500868E3B /* Main.storyboard */,
				67CDD80F1F4A8D7000868E3B /* Calculator.storyboard */,
				67CDD8111F4A8DDE00868E3B /* SignIn.storyboard */,
			);
			name = Storyboards;
			sourceTree = "<group>";
		};
		67CDD7C51F4A81B300868E3B /* Models */ = {
			isa = PBXGroup;
			children = (
				67CDD7A51F4A7F8500868E3B /* F4_sales_app_IOS.xcdatamodeld */,
				67CDD7CC1F4A825C00868E3B /* F4UserModel.swift */,
				67CDD7CD1F4A825C00868E3B /* F4TokenModel.swift */,
				67CDD7CE1F4A825C00868E3B /* F4ShopPreviewModel.swift */,
				67CDD7CF1F4A825C00868E3B /* F4ShopDetailModel.swift */,
				67CDD7D01F4A825C00868E3B /* F4CardModel.swift */,
				67CDD7D11F4A825C00868E3B /* F4HintModel.swift */,
				67CDD7D21F4A825C00868E3B /* F4InfoModel.swift */,
				67CDD7D31F4A825C00868E3B /* F4AdModel.swift */,
			);
			name = Models;
			sourceTree = "<group>";
		};
		67CDD7C61F4A81BB00868E3B /* Extensions */ = {
			isa = PBXGroup;
			children = (
				67CDD7E31F4A830400868E3B /* String+Validation.swift */,
				67CDD7E41F4A830400868E3B /* UIView+Shake.swift */,
				67CDD7E51F4A830400868E3B /* Array+Random.swift */,
				67CDD7E61F4A830400868E3B /* UIView+Layer.swift */,
				67CDD7E71F4A830400868E3B /* String+HexColor.swift */,
			);
			name = Extensions;
			sourceTree = "<group>";
		};
		67CDD7DC1F4A826A00868E3B /* Keychain */ = {
			isa = PBXGroup;
			children = (
				67CDD7DE1F4A827B00868E3B /* HFKeychainManager.swift */,
				67CDD7DF1F4A827B00868E3B /* KeychainWrapper.h */,
				67CDD7E01F4A827B00868E3B /* KeychainWrapper.m */,
				67CDD7DD1F4A827B00868E3B /* F4_sales_app_IOS-Bridging-Header.h */,
			);
			name = Keychain;
			sourceTree = "<group>";
		};
		67CDD7ED1F4A835000868E3B /* Base Controllers */ = {
			isa = PBXGroup;
			children = (
				67CDD7EE1F4A835A00868E3B /* F4BaseViewController.swift */,
			);
			name = "Base Controllers";
			sourceTree = "<group>";
		};
		67CDD7F21F4A837100868E3B /* Login */ = {
			isa = PBXGroup;
			children = (
				67CDD7F31F4A837F00868E3B /* F4LoginWrapperViewController.swift */,
				67CDD7F71F4A839000868E3B /* Login Components */,
			);
			name = Login;
			sourceTree = "<group>";
		};
		67CDD7F71F4A839000868E3B /* Login Components */ = {
			isa = PBXGroup;
			children = (
				67CDD7F51F4A838D00868E3B /* F4LoginDetailsViewController.swift */,
			);
			name = "Login Components";
			sourceTree = "<group>";
		};
		67CDD8001F4A841600868E3B /* Reveal Menu */ = {
			isa = PBXGroup;
			children = (
				67CDD8011F4A842100868E3B /* F4MenuViewController.swift */,
				67CDD8021F4A842100868E3B /* F4MenuHelper.swift */,
				67CDD8091F4A842B00868E3B /* Custom UI */,
			);
			name = "Reveal Menu";
			sourceTree = "<group>";
		};
		67CDD8091F4A842B00868E3B /* Custom UI */ = {
			isa = PBXGroup;
			children = (
				67CDD8051F4A842700868E3B /* F4MenuItemCell.swift */,
				67CDD8061F4A842700868E3B /* F4MenuItemCell.xib */,
			);
			name = "Custom UI";
			sourceTree = "<group>";
		};
		67CDD80A1F4A844D00868E3B /* External Libraries */ = {
			isa = PBXGroup;
			children = (
				67CDD80B1F4A845E00868E3B /* SSASideMenu.swift */,
			);
			name = "External Libraries";
			sourceTree = "<group>";
		};
		67CDD8131F4A8F3E00868E3B /* Calculator */ = {
			isa = PBXGroup;
			children = (
				67CDD8141F4A8F6100868E3B /* F4CalculatorOptionsViewController.swift */,
				67CDD8161F4A994D00868E3B /* F4CalculatorViewController.swift */,
			);
			name = Calculator;
			sourceTree = "<group>";
		};
		7A6A151618806B0667DAFFAF /* Pods */ = {
			isa = PBXGroup;
			children = (
				3D55ACAB7D76B6816E55C913 /* Pods-F4_sales_app_IOS.debug.xcconfig */,
				7B48F2B6B7B51A645691E398 /* Pods-F4_sales_app_IOS.release.xcconfig */,
				4B15C20832F63D648579D284 /* Pods-F4_sales_app_IOSTests.debug.xcconfig */,
				B1A0DE363199C45F2D4F782A /* Pods-F4_sales_app_IOSTests.release.xcconfig */,
			);
			name = Pods;
			sourceTree = "<group>";
		};
		DF42757274EAF4EC1EED26C1 /* Frameworks */ = {
			isa = PBXGroup;
			children = (
				793417BB7DA190F48E532086 /* Pods_F4_sales_app_IOS.framework */,
				D4A17D8F56FBA6622C3B4B0C /* Pods_F4_sales_app_IOSTests.framework */,
			);
			name = Frameworks;
			sourceTree = "<group>";
		};
/* End PBXGroup section */

/* Begin PBXNativeTarget section */
		67CDD79A1F4A7F8500868E3B /* F4_sales_app_IOS */ = {
			isa = PBXNativeTarget;
			buildConfigurationList = 67CDD7BB1F4A7F8600868E3B /* Build configuration list for PBXNativeTarget "F4_sales_app_IOS" */;
			buildPhases = (
				C77064F5E913C1F4D7B25F15 /* [CP] Check Pods Manifest.lock */,
				67CDD7971F4A7F8500868E3B /* Sources */,
				67CDD7981F4A7F8500868E3B /* Frameworks */,
				67CDD7991F4A7F8500868E3B /* Resources */,
				8E73F64C95E506E34F2BAA31 /* [CP] Embed Pods Frameworks */,
				2BA0A359EB4CE384B804AA25 /* [CP] Copy Pods Resources */,
			);
			buildRules = (
			);
			dependencies = (
			);
			name = F4_sales_app_IOS;
			productName = F4_sales_app_IOS;
			productReference = 67CDD79B1F4A7F8500868E3B /* F4_sales_app_IOS.app */;
			productType = "com.apple.product-type.application";
		};
		67CDD7B11F4A7F8600868E3B /* F4_sales_app_IOSTests */ = {
			isa = PBXNativeTarget;
			buildConfigurationList = 67CDD7BE1F4A7F8600868E3B /* Build configuration list for PBXNativeTarget "F4_sales_app_IOSTests" */;
			buildPhases = (
				C086C64E57A26F4580C5D0DF /* [CP] Check Pods Manifest.lock */,
				67CDD7AE1F4A7F8600868E3B /* Sources */,
				67CDD7AF1F4A7F8600868E3B /* Frameworks */,
				67CDD7B01F4A7F8600868E3B /* Resources */,
				DF479BEA13829607759D8230 /* [CP] Embed Pods Frameworks */,
				732BD1C8A2EA32D44CCA752D /* [CP] Copy Pods Resources */,
			);
			buildRules = (
			);
			dependencies = (
				67CDD7B41F4A7F8600868E3B /* PBXTargetDependency */,
			);
			name = F4_sales_app_IOSTests;
			productName = F4_sales_app_IOSTests;
			productReference = 67CDD7B21F4A7F8600868E3B /* F4_sales_app_IOSTests.xctest */;
			productType = "com.apple.product-type.bundle.unit-test";
		};
/* End PBXNativeTarget section */

/* Begin PBXProject section */
		67CDD7931F4A7F8500868E3B /* Project object */ = {
			isa = PBXProject;
			attributes = {
				LastSwiftUpdateCheck = 0830;
				LastUpgradeCheck = 0830;
				ORGANIZATIONNAME = "Cherry Tree Limited";
				TargetAttributes = {
					67CDD79A1F4A7F8500868E3B = {
						CreatedOnToolsVersion = 8.3.3;
						DevelopmentTeam = RQRJGJGE6Q;
						LastSwiftMigration = 0830;
						ProvisioningStyle = Automatic;
					};
					67CDD7B11F4A7F8600868E3B = {
						CreatedOnToolsVersion = 8.3.3;
						DevelopmentTeam = RQRJGJGE6Q;
						ProvisioningStyle = Automatic;
						TestTargetID = 67CDD79A1F4A7F8500868E3B;
					};
				};
			};
			buildConfigurationList = 67CDD7961F4A7F8500868E3B /* Build configuration list for PBXProject "F4_sales_app_IOS" */;
			compatibilityVersion = "Xcode 3.2";
			developmentRegion = English;
			hasScannedForEncodings = 0;
			knownRegions = (
				en,
				Base,
			);
			mainGroup = 67CDD7921F4A7F8500868E3B;
			productRefGroup = 67CDD79C1F4A7F8500868E3B /* Products */;
			projectDirPath = "";
			projectRoot = "";
			targets = (
				67CDD79A1F4A7F8500868E3B /* F4_sales_app_IOS */,
				67CDD7B11F4A7F8600868E3B /* F4_sales_app_IOSTests */,
			);
		};
/* End PBXProject section */

/* Begin PBXResourcesBuildPhase section */
		67CDD7991F4A7F8500868E3B /* Resources */ = {
			isa = PBXResourcesBuildPhase;
			buildActionMask = 2147483647;
			files = (
				67CDD7AC1F4A7F8500868E3B /* LaunchScreen.storyboard in Resources */,
				67CDD8101F4A8D7000868E3B /* Calculator.storyboard in Resources */,
				67CDD8081F4A842700868E3B /* F4MenuItemCell.xib in Resources */,
				67CDD7A91F4A7F8500868E3B /* Assets.xcassets in Resources */,
				67CDD8121F4A8DDE00868E3B /* SignIn.storyboard in Resources */,
				67CDD7A41F4A7F8500868E3B /* Main.storyboard in Resources */,
			);
			runOnlyForDeploymentPostprocessing = 0;
		};
		67CDD7B01F4A7F8600868E3B /* Resources */ = {
			isa = PBXResourcesBuildPhase;
			buildActionMask = 2147483647;
			files = (
			);
			runOnlyForDeploymentPostprocessing = 0;
		};
/* End PBXResourcesBuildPhase section */

/* Begin PBXShellScriptBuildPhase section */
		2BA0A359EB4CE384B804AA25 /* [CP] Copy Pods Resources */ = {
			isa = PBXShellScriptBuildPhase;
			buildActionMask = 2147483647;
			files = (
			);
			inputPaths = (
			);
			name = "[CP] Copy Pods Resources";
			outputPaths = (
			);
			runOnlyForDeploymentPostprocessing = 0;
			shellPath = /bin/sh;
			shellScript = "\"${SRCROOT}/Pods/Target Support Files/Pods-F4_sales_app_IOS/Pods-F4_sales_app_IOS-resources.sh\"\n";
			showEnvVarsInLog = 0;
		};
		732BD1C8A2EA32D44CCA752D /* [CP] Copy Pods Resources */ = {
			isa = PBXShellScriptBuildPhase;
			buildActionMask = 2147483647;
			files = (
			);
			inputPaths = (
			);
			name = "[CP] Copy Pods Resources";
			outputPaths = (
			);
			runOnlyForDeploymentPostprocessing = 0;
			shellPath = /bin/sh;
			shellScript = "\"${SRCROOT}/Pods/Target Support Files/Pods-F4_sales_app_IOSTests/Pods-F4_sales_app_IOSTests-resources.sh\"\n";
			showEnvVarsInLog = 0;
		};
		8E73F64C95E506E34F2BAA31 /* [CP] Embed Pods Frameworks */ = {
			isa = PBXShellScriptBuildPhase;
			buildActionMask = 2147483647;
			files = (
			);
			inputPaths = (
			);
			name = "[CP] Embed Pods Frameworks";
			outputPaths = (
			);
			runOnlyForDeploymentPostprocessing = 0;
			shellPath = /bin/sh;
			shellScript = "\"${SRCROOT}/Pods/Target Support Files/Pods-F4_sales_app_IOS/Pods-F4_sales_app_IOS-frameworks.sh\"\n";
			showEnvVarsInLog = 0;
		};
		C086C64E57A26F4580C5D0DF /* [CP] Check Pods Manifest.lock */ = {
			isa = PBXShellScriptBuildPhase;
			buildActionMask = 2147483647;
			files = (
			);
			inputPaths = (
			);
			name = "[CP] Check Pods Manifest.lock";
			outputPaths = (
			);
			runOnlyForDeploymentPostprocessing = 0;
			shellPath = /bin/sh;
			shellScript = "diff \"${PODS_ROOT}/../Podfile.lock\" \"${PODS_ROOT}/Manifest.lock\" > /dev/null\nif [ $? != 0 ] ; then\n    # print error to STDERR\n    echo \"error: The sandbox is not in sync with the Podfile.lock. Run 'pod install' or update your CocoaPods installation.\" >&2\n    exit 1\nfi\n";
			showEnvVarsInLog = 0;
		};
		C77064F5E913C1F4D7B25F15 /* [CP] Check Pods Manifest.lock */ = {
			isa = PBXShellScriptBuildPhase;
			buildActionMask = 2147483647;
			files = (
			);
			inputPaths = (
			);
			name = "[CP] Check Pods Manifest.lock";
			outputPaths = (
			);
			runOnlyForDeploymentPostprocessing = 0;
			shellPath = /bin/sh;
			shellScript = "diff \"${PODS_ROOT}/../Podfile.lock\" \"${PODS_ROOT}/Manifest.lock\" > /dev/null\nif [ $? != 0 ] ; then\n    # print error to STDERR\n    echo \"error: The sandbox is not in sync with the Podfile.lock. Run 'pod install' or update your CocoaPods installation.\" >&2\n    exit 1\nfi\n";
			showEnvVarsInLog = 0;
		};
		DF479BEA13829607759D8230 /* [CP] Embed Pods Frameworks */ = {
			isa = PBXShellScriptBuildPhase;
			buildActionMask = 2147483647;
			files = (
			);
			inputPaths = (
			);
			name = "[CP] Embed Pods Frameworks";
			outputPaths = (
			);
			runOnlyForDeploymentPostprocessing = 0;
			shellPath = /bin/sh;
			shellScript = "\"${SRCROOT}/Pods/Target Support Files/Pods-F4_sales_app_IOSTests/Pods-F4_sales_app_IOSTests-frameworks.sh\"\n";
			showEnvVarsInLog = 0;
		};
/* End PBXShellScriptBuildPhase section */

/* Begin PBXSourcesBuildPhase section */
		67CDD7971F4A7F8500868E3B /* Sources */ = {
			isa = PBXSourcesBuildPhase;
			buildActionMask = 2147483647;
			files = (
				67CDD7D41F4A825C00868E3B /* F4UserModel.swift in Sources */,
				67CDD7E11F4A827B00868E3B /* HFKeychainManager.swift in Sources */,
				67CDD7CB1F4A820400868E3B /* F4UserManager.swift in Sources */,
				67CDD80E1F4A847E00868E3B /* F4MenuManager.swift in Sources */,
				67CDD80C1F4A845E00868E3B /* SSASideMenu.swift in Sources */,
				67CDD8171F4A994D00868E3B /* F4CalculatorViewController.swift in Sources */,
				67CDD7F61F4A838D00868E3B /* F4LoginDetailsViewController.swift in Sources */,
				67CDD7D61F4A825C00868E3B /* F4ShopPreviewModel.swift in Sources */,
				67CDD7A71F4A7F8500868E3B /* F4_sales_app_IOS.xcdatamodeld in Sources */,
				67CDD7EF1F4A835A00868E3B /* F4BaseViewController.swift in Sources */,
				67CDD79F1F4A7F8500868E3B /* AppDelegate.swift in Sources */,
				67CDD8041F4A842100868E3B /* F4MenuHelper.swift in Sources */,
				67CDD7D51F4A825C00868E3B /* F4TokenModel.swift in Sources */,
				67CDD7EA1F4A830400868E3B /* Array+Random.swift in Sources */,
				67CDD7FE1F4A83DB00868E3B /* F4ActivityIndicatorView.swift in Sources */,
				67CDD8031F4A842100868E3B /* F4MenuViewController.swift in Sources */,
				67CDD7D91F4A825C00868E3B /* F4HintModel.swift in Sources */,
				67CDD7E21F4A827B00868E3B /* KeychainWrapper.m in Sources */,
				67CDD7D71F4A825C00868E3B /* F4ShopDetailModel.swift in Sources */,
				67CDD7FC1F4A83DB00868E3B /* F4RoundedButton.swift in Sources */,
				67CDD7E91F4A830400868E3B /* UIView+Shake.swift in Sources */,
				67CDD7FD1F4A83DB00868E3B /* F4RoundedTextField.swift in Sources */,
				67CDD7FF1F4A83DB00868E3B /* F4SFViewController.swift in Sources */,
				67CDD7DB1F4A825C00868E3B /* F4AdModel.swift in Sources */,
				67CDD7F41F4A837F00868E3B /* F4LoginWrapperViewController.swift in Sources */,
				67CDD7EC1F4A830400868E3B /* String+HexColor.swift in Sources */,
				67CDD7EB1F4A830400868E3B /* UIView+Layer.swift in Sources */,
				67CDD7C91F4A81E900868E3B /* Constants.swift in Sources */,
				67CDD7D81F4A825C00868E3B /* F4CardModel.swift in Sources */,
				67CDD8151F4A8F6100868E3B /* F4CalculatorOptionsViewController.swift in Sources */,
				67CDD7DA1F4A825C00868E3B /* F4InfoModel.swift in Sources */,
				67CDD7E81F4A830400868E3B /* String+Validation.swift in Sources */,
				67CDD8071F4A842700868E3B /* F4MenuItemCell.swift in Sources */,
			);
			runOnlyForDeploymentPostprocessing = 0;
		};
		67CDD7AE1F4A7F8600868E3B /* Sources */ = {
			isa = PBXSourcesBuildPhase;
			buildActionMask = 2147483647;
			files = (
				67CDD7B71F4A7F8600868E3B /* F4_sales_app_IOSTests.swift in Sources */,
			);
			runOnlyForDeploymentPostprocessing = 0;
		};
/* End PBXSourcesBuildPhase section */

/* Begin PBXTargetDependency section */
		67CDD7B41F4A7F8600868E3B /* PBXTargetDependency */ = {
			isa = PBXTargetDependency;
			target = 67CDD79A1F4A7F8500868E3B /* F4_sales_app_IOS */;
			targetProxy = 67CDD7B31F4A7F8600868E3B /* PBXContainerItemProxy */;
		};
/* End PBXTargetDependency section */

/* Begin PBXVariantGroup section */
		67CDD7A21F4A7F8500868E3B /* Main.storyboard */ = {
			isa = PBXVariantGroup;
			children = (
				67CDD7A31F4A7F8500868E3B /* Base */,
			);
			name = Main.storyboard;
			sourceTree = "<group>";
		};
		67CDD7AA1F4A7F8500868E3B /* LaunchScreen.storyboard */ = {
			isa = PBXVariantGroup;
			children = (
				67CDD7AB1F4A7F8500868E3B /* Base */,
			);
			name = LaunchScreen.storyboard;
			sourceTree = "<group>";
		};
/* End PBXVariantGroup section */

/* Begin XCBuildConfiguration section */
		67CDD7B91F4A7F8600868E3B /* Debug */ = {
			isa = XCBuildConfiguration;
			buildSettings = {
				ALWAYS_SEARCH_USER_PATHS = NO;
				CLANG_ANALYZER_NONNULL = YES;
				CLANG_ANALYZER_NUMBER_OBJECT_CONVERSION = YES_AGGRESSIVE;
				CLANG_CXX_LANGUAGE_STANDARD = "gnu++0x";
				CLANG_CXX_LIBRARY = "libc++";
				CLANG_ENABLE_MODULES = YES;
				CLANG_ENABLE_OBJC_ARC = YES;
				CLANG_WARN_BOOL_CONVERSION = YES;
				CLANG_WARN_CONSTANT_CONVERSION = YES;
				CLANG_WARN_DIRECT_OBJC_ISA_USAGE = YES_ERROR;
				CLANG_WARN_DOCUMENTATION_COMMENTS = YES;
				CLANG_WARN_EMPTY_BODY = YES;
				CLANG_WARN_ENUM_CONVERSION = YES;
				CLANG_WARN_INFINITE_RECURSION = YES;
				CLANG_WARN_INT_CONVERSION = YES;
				CLANG_WARN_OBJC_ROOT_CLASS = YES_ERROR;
				CLANG_WARN_SUSPICIOUS_MOVE = YES;
				CLANG_WARN_UNREACHABLE_CODE = YES;
				CLANG_WARN__DUPLICATE_METHOD_MATCH = YES;
				"CODE_SIGN_IDENTITY[sdk=iphoneos*]" = "iPhone Developer";
				COPY_PHASE_STRIP = NO;
				DEBUG_INFORMATION_FORMAT = dwarf;
				ENABLE_STRICT_OBJC_MSGSEND = YES;
				ENABLE_TESTABILITY = YES;
				GCC_C_LANGUAGE_STANDARD = gnu99;
				GCC_DYNAMIC_NO_PIC = NO;
				GCC_NO_COMMON_BLOCKS = YES;
				GCC_OPTIMIZATION_LEVEL = 0;
				GCC_PREPROCESSOR_DEFINITIONS = (
					"DEBUG=1",
					"$(inherited)",
				);
				GCC_WARN_64_TO_32_BIT_CONVERSION = YES;
				GCC_WARN_ABOUT_RETURN_TYPE = YES_ERROR;
				GCC_WARN_UNDECLARED_SELECTOR = YES;
				GCC_WARN_UNINITIALIZED_AUTOS = YES_AGGRESSIVE;
				GCC_WARN_UNUSED_FUNCTION = YES;
				GCC_WARN_UNUSED_VARIABLE = YES;
				IPHONEOS_DEPLOYMENT_TARGET = 10.3;
				MTL_ENABLE_DEBUG_INFO = YES;
				ONLY_ACTIVE_ARCH = YES;
				SDKROOT = iphoneos;
				SWIFT_ACTIVE_COMPILATION_CONDITIONS = DEBUG;
				SWIFT_OPTIMIZATION_LEVEL = "-Onone";
				TARGETED_DEVICE_FAMILY = "1,2";
			};
			name = Debug;
		};
		67CDD7BA1F4A7F8600868E3B /* Release */ = {
			isa = XCBuildConfiguration;
			buildSettings = {
				ALWAYS_SEARCH_USER_PATHS = NO;
				CLANG_ANALYZER_NONNULL = YES;
				CLANG_ANALYZER_NUMBER_OBJECT_CONVERSION = YES_AGGRESSIVE;
				CLANG_CXX_LANGUAGE_STANDARD = "gnu++0x";
				CLANG_CXX_LIBRARY = "libc++";
				CLANG_ENABLE_MODULES = YES;
				CLANG_ENABLE_OBJC_ARC = YES;
				CLANG_WARN_BOOL_CONVERSION = YES;
				CLANG_WARN_CONSTANT_CONVERSION = YES;
				CLANG_WARN_DIRECT_OBJC_ISA_USAGE = YES_ERROR;
				CLANG_WARN_DOCUMENTATION_COMMENTS = YES;
				CLANG_WARN_EMPTY_BODY = YES;
				CLANG_WARN_ENUM_CONVERSION = YES;
				CLANG_WARN_INFINITE_RECURSION = YES;
				CLANG_WARN_INT_CONVERSION = YES;
				CLANG_WARN_OBJC_ROOT_CLASS = YES_ERROR;
				CLANG_WARN_SUSPICIOUS_MOVE = YES;
				CLANG_WARN_UNREACHABLE_CODE = YES;
				CLANG_WARN__DUPLICATE_METHOD_MATCH = YES;
				"CODE_SIGN_IDENTITY[sdk=iphoneos*]" = "iPhone Developer";
				COPY_PHASE_STRIP = NO;
				DEBUG_INFORMATION_FORMAT = "dwarf-with-dsym";
				ENABLE_NS_ASSERTIONS = NO;
				ENABLE_STRICT_OBJC_MSGSEND = YES;
				GCC_C_LANGUAGE_STANDARD = gnu99;
				GCC_NO_COMMON_BLOCKS = YES;
				GCC_WARN_64_TO_32_BIT_CONVERSION = YES;
				GCC_WARN_ABOUT_RETURN_TYPE = YES_ERROR;
				GCC_WARN_UNDECLARED_SELECTOR = YES;
				GCC_WARN_UNINITIALIZED_AUTOS = YES_AGGRESSIVE;
				GCC_WARN_UNUSED_FUNCTION = YES;
				GCC_WARN_UNUSED_VARIABLE = YES;
				IPHONEOS_DEPLOYMENT_TARGET = 10.3;
				MTL_ENABLE_DEBUG_INFO = NO;
				SDKROOT = iphoneos;
				SWIFT_OPTIMIZATION_LEVEL = "-Owholemodule";
				TARGETED_DEVICE_FAMILY = "1,2";
				VALIDATE_PRODUCT = YES;
			};
			name = Release;
		};
		67CDD7BC1F4A7F8600868E3B /* Debug */ = {
			isa = XCBuildConfiguration;
			baseConfigurationReference = 3D55ACAB7D76B6816E55C913 /* Pods-F4_sales_app_IOS.debug.xcconfig */;
			buildSettings = {
				ASSETCATALOG_COMPILER_APPICON_NAME = AppIcon;
				CLANG_ENABLE_MODULES = YES;
				DEVELOPMENT_TEAM = RQRJGJGE6Q;
				INFOPLIST_FILE = F4_sales_app_IOS/Info.plist;
				LD_RUNPATH_SEARCH_PATHS = "$(inherited) @executable_path/Frameworks";
				PRODUCT_BUNDLE_IDENTIFIER = "com.cherry.F4-sales-app-IOS";
				PRODUCT_NAME = "$(TARGET_NAME)";
				SWIFT_OBJC_BRIDGING_HEADER = "F4_sales_app_IOS/F4_sales_app_IOS-Bridging-Header.h";
				SWIFT_OPTIMIZATION_LEVEL = "-Onone";
				SWIFT_VERSION = 3.0;
			};
			name = Debug;
		};
		67CDD7BD1F4A7F8600868E3B /* Release */ = {
			isa = XCBuildConfiguration;
			baseConfigurationReference = 7B48F2B6B7B51A645691E398 /* Pods-F4_sales_app_IOS.release.xcconfig */;
			buildSettings = {
				ASSETCATALOG_COMPILER_APPICON_NAME = AppIcon;
				CLANG_ENABLE_MODULES = YES;
				DEVELOPMENT_TEAM = RQRJGJGE6Q;
				INFOPLIST_FILE = F4_sales_app_IOS/Info.plist;
				LD_RUNPATH_SEARCH_PATHS = "$(inherited) @executable_path/Frameworks";
				PRODUCT_BUNDLE_IDENTIFIER = "com.cherry.F4-sales-app-IOS";
				PRODUCT_NAME = "$(TARGET_NAME)";
				SWIFT_OBJC_BRIDGING_HEADER = "F4_sales_app_IOS/F4_sales_app_IOS-Bridging-Header.h";
				SWIFT_VERSION = 3.0;
			};
			name = Release;
		};
		67CDD7BF1F4A7F8600868E3B /* Debug */ = {
			isa = XCBuildConfiguration;
			baseConfigurationReference = 4B15C20832F63D648579D284 /* Pods-F4_sales_app_IOSTests.debug.xcconfig */;
			buildSettings = {
				ALWAYS_EMBED_SWIFT_STANDARD_LIBRARIES = "$(inherited)";
				BUNDLE_LOADER = "$(TEST_HOST)";
				DEVELOPMENT_TEAM = RQRJGJGE6Q;
				INFOPLIST_FILE = F4_sales_app_IOSTests/Info.plist;
				LD_RUNPATH_SEARCH_PATHS = "$(inherited) @executable_path/Frameworks @loader_path/Frameworks";
				PRODUCT_BUNDLE_IDENTIFIER = "com.cherry.F4-sales-app-IOSTests";
				PRODUCT_NAME = "$(TARGET_NAME)";
				SWIFT_VERSION = 3.0;
				TEST_HOST = "$(BUILT_PRODUCTS_DIR)/F4_sales_app_IOS.app/F4_sales_app_IOS";
			};
			name = Debug;
		};
		67CDD7C01F4A7F8600868E3B /* Release */ = {
			isa = XCBuildConfiguration;
			baseConfigurationReference = B1A0DE363199C45F2D4F782A /* Pods-F4_sales_app_IOSTests.release.xcconfig */;
			buildSettings = {
				ALWAYS_EMBED_SWIFT_STANDARD_LIBRARIES = "$(inherited)";
				BUNDLE_LOADER = "$(TEST_HOST)";
				DEVELOPMENT_TEAM = RQRJGJGE6Q;
				INFOPLIST_FILE = F4_sales_app_IOSTests/Info.plist;
				LD_RUNPATH_SEARCH_PATHS = "$(inherited) @executable_path/Frameworks @loader_path/Frameworks";
				PRODUCT_BUNDLE_IDENTIFIER = "com.cherry.F4-sales-app-IOSTests";
				PRODUCT_NAME = "$(TARGET_NAME)";
				SWIFT_VERSION = 3.0;
				TEST_HOST = "$(BUILT_PRODUCTS_DIR)/F4_sales_app_IOS.app/F4_sales_app_IOS";
			};
			name = Release;
		};
/* End XCBuildConfiguration section */

/* Begin XCConfigurationList section */
		67CDD7961F4A7F8500868E3B /* Build configuration list for PBXProject "F4_sales_app_IOS" */ = {
			isa = XCConfigurationList;
			buildConfigurations = (
				67CDD7B91F4A7F8600868E3B /* Debug */,
				67CDD7BA1F4A7F8600868E3B /* Release */,
			);
			defaultConfigurationIsVisible = 0;
			defaultConfigurationName = Release;
		};
		67CDD7BB1F4A7F8600868E3B /* Build configuration list for PBXNativeTarget "F4_sales_app_IOS" */ = {
			isa = XCConfigurationList;
			buildConfigurations = (
				67CDD7BC1F4A7F8600868E3B /* Debug */,
				67CDD7BD1F4A7F8600868E3B /* Release */,
			);
			defaultConfigurationIsVisible = 0;
			defaultConfigurationName = Release;
		};
		67CDD7BE1F4A7F8600868E3B /* Build configuration list for PBXNativeTarget "F4_sales_app_IOSTests" */ = {
			isa = XCConfigurationList;
			buildConfigurations = (
				67CDD7BF1F4A7F8600868E3B /* Debug */,
				67CDD7C01F4A7F8600868E3B /* Release */,
			);
			defaultConfigurationIsVisible = 0;
			defaultConfigurationName = Release;
		};
/* End XCConfigurationList section */

/* Begin XCVersionGroup section */
		67CDD7A51F4A7F8500868E3B /* F4_sales_app_IOS.xcdatamodeld */ = {
			isa = XCVersionGroup;
			children = (
				67CDD7A61F4A7F8500868E3B /* F4_sales_app_IOS.xcdatamodel */,
			);
			currentVersion = 67CDD7A61F4A7F8500868E3B /* F4_sales_app_IOS.xcdatamodel */;
			path = F4_sales_app_IOS.xcdatamodeld;
			sourceTree = "<group>";
			versionGroupType = wrapper.xcdatamodel;
		};
/* End XCVersionGroup section */
	};
	rootObject = 67CDD7931F4A7F8500868E3B /* Project object */;
}
